
Microsoft Visual Studio Solution File, Format Version 12.00
# Visual Studio Version 17
VisualStudioVersion = 17.11.35312.102
MinimumVisualStudioVersion = 10.0.40219.1
Project("{FAE04EC0-301F-11D3-BF4B-00C04F79EFBC}") = "StudentPortal.Web", "StudentPortal.Web\StudentPortal.Web.csproj", "{055E171C-1002-4A29-9E51-E4892856D72B}"
EndProject
Global
	GlobalSection(SolutionConfigurationPlatforms) = preSolution
		Debug|Any CPU = Debug|Any CPU
		Release|Any CPU = Release|Any CPU
	EndGlobalSection
	GlobalSection(ProjectConfigurationPlatforms) = postSolution
		{055E171C-1002-4A29-9E51-E4892856D72B}.Debug|Any CPU.ActiveCfg = Debug|Any CPU
		{055E171C-1002-4A29-9E51-E4892856D72B}.Debug|Any CPU.Build.0 = Debug|Any CPU
		{055E171C-1002-4A29-9E51-E4892856D72B}.Release|Any CPU.ActiveCfg = Release|Any CPU
		{055E171C-1002-4A29-9E51-E4892856D72B}.Release|Any CPU.Build.0 = Release|Any CPU
	EndGlobalSection
	GlobalSection(SolutionProperties) = preSolution
		HideSolutionNode = FALSE
	EndGlobalSection
	GlobalSection(ExtensibilityGlobals) = postSolution
		SolutionGuid = {E0521C91-1F67-49FD-A1BE-F62F5B387A26}
	EndGlobalSection
EndGlobal
